
Microsoft Visual Studio Solution File, Format Version 12.00
# Visual Studio Version 18
VisualStudioVersion = 18.0.11109.219 d18.0-oob
MinimumVisualStudioVersion = 10.0.40219.1
Project("{9A19103F-16F7-4668-BE54-9A1E7A4F7556}") = "PC2", "PC2\PC2.csproj", "{230B9FA8-2AC9-430C-8A27-1689D540448C}"
EndProject
Project("{2150E333-8FDC-42A3-9474-1A3956D46DE8}") = "Solution Items", "Solution Items", "{9C9EFAD3-432F-4B6B-BF4E-EADC7A203F0A}"
	ProjectSection(SolutionItems) = preProject
		.mcp.json = .mcp.json
		PC2-TestData.sql = PC2-TestData.sql
		README.md = README.md
	EndProjectSection
EndProject
Project("{FAE04EC0-301F-11D3-BF4B-00C04F79EFBC}") = "PC2Tests", "PC2Tests\PC2Tests.csproj", "{76E35BFF-15BB-4B21-B769-24180B0B1B6E}"
EndProject
Global
	GlobalSection(SolutionConfigurationPlatforms) = preSolution
		Debug|Any CPU = Debug|Any CPU
		Release|Any CPU = Release|Any CPU
	EndGlobalSection
	GlobalSection(ProjectConfigurationPlatforms) = postSolution
		{230B9FA8-2AC9-430C-8A27-1689D540448C}.Debug|Any CPU.ActiveCfg = Debug|Any CPU
		{230B9FA8-2AC9-430C-8A27-1689D540448C}.Debug|Any CPU.Build.0 = Debug|Any CPU
		{230B9FA8-2AC9-430C-8A27-1689D540448C}.Release|Any CPU.ActiveCfg = Release|Any CPU
		{230B9FA8-2AC9-430C-8A27-1689D540448C}.Release|Any CPU.Build.0 = Release|Any CPU
		{76E35BFF-15BB-4B21-B769-24180B0B1B6E}.Debug|Any CPU.ActiveCfg = Debug|Any CPU
		{76E35BFF-15BB-4B21-B769-24180B0B1B6E}.Debug|Any CPU.Build.0 = Debug|Any CPU
		{76E35BFF-15BB-4B21-B769-24180B0B1B6E}.Release|Any CPU.ActiveCfg = Release|Any CPU
		{76E35BFF-15BB-4B21-B769-24180B0B1B6E}.Release|Any CPU.Build.0 = Release|Any CPU
	EndGlobalSection
	GlobalSection(SolutionProperties) = preSolution
		HideSolutionNode = FALSE
	EndGlobalSection
	GlobalSection(ExtensibilityGlobals) = postSolution
		SolutionGuid = {DEB07D94-A4D4-4CAB-B3B9-F7F8C3E9DA04}
	EndGlobalSection
EndGlobal
